{
  "name": "smol",
  "lockfileVersion": 2,
  "requires": true,
  "packages": {
    "": {
      "name": "smol",
      "dependencies": {
        "langchain": "^0.0.41",
        "openai": "^3.2.1"
      },
      "devDependencies": {
        "bun-types": "^0.3.0"
      }
    },
    "node_modules/array-keyed-map": {
      "version": "2.1.3",
      "license": "ISC"
    },
    "node_modules/asynckit": {
      "version": "0.4.0",
      "license": "MIT"
    },
    "node_modules/axios": {
      "version": "0.26.1",
      "license": "MIT",
      "dependencies": {
        "follow-redirects": "^1.14.8"
      }
    },
    "node_modules/binary-extensions": {
      "version": "2.2.0",
      "license": "MIT",
      "engines": {
        "node": ">=8"
      }
    },
    "node_modules/browser-or-node": {
      "version": "2.1.1",
      "license": "MIT"
    },
    "node_modules/bun-types": {
      "version": "0.3.0",
      "dev": true
    },
    "node_modules/combined-stream": {
      "version": "1.0.8",
      "license": "MIT",
      "dependencies": {
        "delayed-stream": "~1.0.0"
      },
      "engines": {
        "node": ">= 0.8"
      }
    },
    "node_modules/delayed-stream": {
      "version": "1.0.0",
      "license": "MIT",
      "engines": {
        "node": ">=0.4.0"
      }
    },
    "node_modules/eventemitter3": {
      "version": "4.0.7",
      "license": "MIT"
    },
    "node_modules/eventsource-parser": {
      "version": "0.1.0",
      "license": "MIT",
      "engines": {
        "node": ">=14.18"
      }
    },
    "node_modules/exponential-backoff": {
      "version": "3.1.1",
      "license": "Apache-2.0"
    },
    "node_modules/expr-eval": {
      "version": "2.0.2",
      "license": "MIT"
    },
    "node_modules/follow-redirects": {
      "version": "1.15.2",
      "funding": [
        {
          "type": "individual",
          "url": "https://github.com/sponsors/RubenVerborgh"
        }
      ],
      "license": "MIT",
      "engines": {
        "node": ">=4.0"
      },
      "peerDependenciesMeta": {
        "debug": {
          "optional": true
        }
      }
    },
    "node_modules/form-data": {
      "version": "4.0.0",
      "license": "MIT",
      "dependencies": {
        "asynckit": "^0.4.0",
        "combined-stream": "^1.0.8",
        "mime-types": "^2.1.12"
      },
      "engines": {
        "node": ">= 6"
      }
    },
    "node_modules/gpt3-tokenizer": {
      "version": "1.1.5",
      "license": "MIT",
      "dependencies": {
        "array-keyed-map": "^2.1.3"
      },
      "engines": {
        "node": ">=12"
      }
    },
    "node_modules/is-binary-path": {
      "version": "2.1.0",
      "license": "MIT",
      "dependencies": {
        "binary-extensions": "^2.0.0"
      },
      "engines": {
        "node": ">=8"
      }
    },
    "node_modules/jsonpointer": {
      "version": "5.0.1",
      "license": "MIT",
      "engines": {
        "node": ">=0.10.0"
      }
    },
    "node_modules/langchain": {
      "version": "0.0.41",
      "license": "MIT",
      "dependencies": {
        "browser-or-node": "^2.1.1",
        "eventsource-parser": "^0.1.0",
        "exponential-backoff": "^3.1.0",
        "expr-eval": "^2.0.2",
        "gpt3-tokenizer": "^1.1.5",
        "is-binary-path": "^2.1.0",
        "jsonpointer": "^5.0.1",
        "object-hash": "^3.0.0",
        "openai": "^3.2.0",
        "p-queue": "^7.3.4",
        "uuid": "^9.0.0",
        "yaml": "^2.2.1",
        "zod": "^3.21.4"
      },
      "peerDependencies": {
        "@dqbd/tiktoken": "^1.0.2",
        "@huggingface/inference": "^1.5.1",
        "@pinecone-database/pinecone": "^0.0.10",
        "@supabase/supabase-js": "^2.10.0",
        "cheerio": "^1.0.0-rc.12",
        "chromadb": "^1.3.0",
        "cohere-ai": "^5.0.2",
        "d3-dsv": "^3.0.1",
        "hnswlib-node": "^1.4.2",
        "pdf-parse": "^1.1.1",
        "puppeteer": "^19.7.2",
        "redis": "^4.6.4",
        "serpapi": "^1.1.1",
        "srt-parser-2": "^1.2.2",
        "typeorm": "^0.3.12"
      },
      "peerDependenciesMeta": {
        "@dqbd/tiktoken": {
          "optional": true
        },
        "@huggingface/inference": {
          "optional": true
        },
        "@pinecone-database/pinecone": {
          "optional": true
        },
        "@supabase/supabase-js": {
          "optional": true
        },
        "cheerio": {
          "optional": true
        },
        "chromadb": {
          "optional": true
        },
        "cohere-ai": {
          "optional": true
        },
        "d3-dsv": {
          "optional": true
        },
        "hnswlib-node": {
          "optional": true
        },
        "pdf-parse": {
          "optional": true
        },
        "puppeteer": {
          "optional": true
        },
        "redis": {
          "optional": true
        },
        "serpapi": {
          "optional": true
        },
        "srt-parser-2": {
          "optional": true
        },
        "typeorm": {
          "optional": true
        }
      }
    },
    "node_modules/mime-db": {
      "version": "1.52.0",
      "license": "MIT",
      "engines": {
        "node": ">= 0.6"
      }
    },
    "node_modules/mime-types": {
      "version": "2.1.35",
      "license": "MIT",
      "dependencies": {
        "mime-db": "1.52.0"
      },
      "engines": {
        "node": ">= 0.6"
      }
    },
    "node_modules/object-hash": {
      "version": "3.0.0",
      "license": "MIT",
      "engines": {
        "node": ">= 6"
      }
    },
    "node_modules/openai": {
      "version": "3.2.1",
      "license": "MIT",
      "dependencies": {
        "axios": "^0.26.0",
        "form-data": "^4.0.0"
      }
    },
    "node_modules/p-queue": {
      "version": "7.3.4",
      "license": "MIT",
      "dependencies": {
        "eventemitter3": "^4.0.7",
        "p-timeout": "^5.0.2"
      },
      "engines": {
        "node": ">=12"
      },
      "funding": {
        "url": "https://github.com/sponsors/sindresorhus"
      }
    },
    "node_modules/p-timeout": {
      "version": "5.1.0",
      "license": "MIT",
      "engines": {
        "node": ">=12"
      },
      "funding": {
        "url": "https://github.com/sponsors/sindresorhus"
      }
    },
    "node_modules/uuid": {
      "version": "9.0.0",
      "license": "MIT",
      "bin": {
        "uuid": "dist/bin/uuid"
      }
    },
    "node_modules/yaml": {
      "version": "2.2.2",
      "license": "ISC",
      "engines": {
        "node": ">= 14"
      }
    },
    "node_modules/zod": {
      "version": "3.21.4",
      "license": "MIT",
      "funding": {
        "url": "https://github.com/sponsors/colinhacks"
      }
    }
  },
  "dependencies": {
    "array-keyed-map": {
      "version": "2.1.3"
    },
    "asynckit": {
      "version": "0.4.0"
    },
    "axios": {
      "version": "0.26.1",
      "requires": {
        "follow-redirects": "^1.14.8"
      }
    },
    "binary-extensions": {
      "version": "2.2.0"
    },
    "browser-or-node": {
      "version": "2.1.1"
    },
    "bun-types": {
      "version": "0.3.0",
      "dev": true
    },
    "combined-stream": {
      "version": "1.0.8",
      "requires": {
        "delayed-stream": "~1.0.0"
      }
    },
    "delayed-stream": {
      "version": "1.0.0"
    },
    "eventemitter3": {
      "version": "4.0.7"
    },
    "eventsource-parser": {
      "version": "0.1.0"
    },
    "exponential-backoff": {
      "version": "3.1.1"
    },
    "expr-eval": {
      "version": "2.0.2"
    },
    "follow-redirects": {
      "version": "1.15.2"
    },
    "form-data": {
      "version": "4.0.0",
      "requires": {
        "asynckit": "^0.4.0",
        "combined-stream": "^1.0.8",
        "mime-types": "^2.1.12"
      }
    },
    "gpt3-tokenizer": {
      "version": "1.1.5",
      "requires": {
        "array-keyed-map": "^2.1.3"
      }
    },
    "is-binary-path": {
      "version": "2.1.0",
      "requires": {
        "binary-extensions": "^2.0.0"
      }
    },
    "jsonpointer": {
      "version": "5.0.1"
    },
    "langchain": {
      "version": "0.0.41",
      "requires": {
        "browser-or-node": "^2.1.1",
        "eventsource-parser": "^0.1.0",
        "exponential-backoff": "^3.1.0",
        "expr-eval": "^2.0.2",
        "gpt3-tokenizer": "^1.1.5",
        "is-binary-path": "^2.1.0",
        "jsonpointer": "^5.0.1",
        "object-hash": "^3.0.0",
        "openai": "^3.2.0",
        "p-queue": "^7.3.4",
        "uuid": "^9.0.0",
        "yaml": "^2.2.1",
        "zod": "^3.21.4"
      }
    },
    "mime-db": {
      "version": "1.52.0"
    },
    "mime-types": {
      "version": "2.1.35",
      "requires": {
        "mime-db": "1.52.0"
      }
    },
    "object-hash": {
      "version": "3.0.0"
    },
    "openai": {
      "version": "3.2.1",
      "requires": {
        "axios": "^0.26.0",
        "form-data": "^4.0.0"
      }
    },
    "p-queue": {
      "version": "7.3.4",
      "requires": {
        "eventemitter3": "^4.0.7",
        "p-timeout": "^5.0.2"
      }
    },
    "p-timeout": {
      "version": "5.1.0"
    },
    "uuid": {
      "version": "9.0.0"
    },
    "yaml": {
      "version": "2.2.2"
    },
    "zod": {
      "version": "3.21.4"
    }
  }
}
